
Microsoft Visual Studio Solution File, Format Version 12.00
# Visual Studio Version 16
VisualStudioVersion = 16.0.33328.57
MinimumVisualStudioVersion = 10.0.40219.1
Project("{FAE04EC0-301F-11D3-BF4B-00C04F79EFBC}") = "TestingDummies", "TestingDummies\TestingDummies.csproj", "{5BE42AB1-43D0-44B7-A2E8-6112ACA0E8B8}"
EndProject
Global
	GlobalSection(SolutionConfigurationPlatforms) = preSolution
		Debug|Any CPU = Debug|Any CPU
		Release|Any CPU = Release|Any CPU
	EndGlobalSection
	GlobalSection(ProjectConfigurationPlatforms) = postSolution
		{5BE42AB1-43D0-44B7-A2E8-6112ACA0E8B8}.Debug|Any CPU.ActiveCfg = Debug|Any CPU
		{5BE42AB1-43D0-44B7-A2E8-6112ACA0E8B8}.Debug|Any CPU.Build.0 = Debug|Any CPU
		{5BE42AB1-43D0-44B7-A2E8-6112ACA0E8B8}.Release|Any CPU.ActiveCfg = Release|Any CPU
		{5BE42AB1-43D0-44B7-A2E8-6112ACA0E8B8}.Release|Any CPU.Build.0 = Release|Any CPU
	EndGlobalSection
	GlobalSection(SolutionProperties) = preSolution
		HideSolutionNode = FALSE
	EndGlobalSection
	GlobalSection(ExtensibilityGlobals) = postSolution
		SolutionGuid = {9D773D8A-4966-4FDC-9A74-2859F29DBEFA}
	EndGlobalSection
EndGlobal
